
Microsoft Visual Studio Solution File, Format Version 12.00
# Visual Studio Version 17
VisualStudioVersion = 17.12.35506.116
MinimumVisualStudioVersion = 10.0.40219.1
Project("{FAE04EC0-301F-11D3-BF4B-00C04F79EFBC}") = "InstrumentHub.Entites", "InstrumentHub.Entitys\InstrumentHub.Entites.csproj", "{31D91CE2-B57F-4C91-BF54-DC1FC3D0D47B}"
EndProject
Project("{FAE04EC0-301F-11D3-BF4B-00C04F79EFBC}") = "InstrumentHub.DataAccess", "InstrumentHub.DataAccess\InstrumentHub.DataAccess.csproj", "{C0371FB0-90FD-4FC7-BAF4-E0B8CFE38EFF}"
EndProject
Project("{FAE04EC0-301F-11D3-BF4B-00C04F79EFBC}") = "Instrument.Business", "Instrument.Business\Instrument.Business.csproj", "{84003665-B11A-4011-B85E-054E12583C81}"
EndProject
Project("{FAE04EC0-301F-11D3-BF4B-00C04F79EFBC}") = "Instrument.WebUI", "Instrument.WebUI\Instrument.WebUI.csproj", "{3330D44E-B7D8-4250-9B3F-BEDFAC9DCF98}"
EndProject
Global
	GlobalSection(SolutionConfigurationPlatforms) = preSolution
		Debug|Any CPU = Debug|Any CPU
		Release|Any CPU = Release|Any CPU
	EndGlobalSection
	GlobalSection(ProjectConfigurationPlatforms) = postSolution
		{31D91CE2-B57F-4C91-BF54-DC1FC3D0D47B}.Debug|Any CPU.ActiveCfg = Debug|Any CPU
		{31D91CE2-B57F-4C91-BF54-DC1FC3D0D47B}.Debug|Any CPU.Build.0 = Debug|Any CPU
		{31D91CE2-B57F-4C91-BF54-DC1FC3D0D47B}.Release|Any CPU.ActiveCfg = Release|Any CPU
		{31D91CE2-B57F-4C91-BF54-DC1FC3D0D47B}.Release|Any CPU.Build.0 = Release|Any CPU
		{C0371FB0-90FD-4FC7-BAF4-E0B8CFE38EFF}.Debug|Any CPU.ActiveCfg = Debug|Any CPU
		{C0371FB0-90FD-4FC7-BAF4-E0B8CFE38EFF}.Debug|Any CPU.Build.0 = Debug|Any CPU
		{C0371FB0-90FD-4FC7-BAF4-E0B8CFE38EFF}.Release|Any CPU.ActiveCfg = Release|Any CPU
		{C0371FB0-90FD-4FC7-BAF4-E0B8CFE38EFF}.Release|Any CPU.Build.0 = Release|Any CPU
		{84003665-B11A-4011-B85E-054E12583C81}.Debug|Any CPU.ActiveCfg = Debug|Any CPU
		{84003665-B11A-4011-B85E-054E12583C81}.Debug|Any CPU.Build.0 = Debug|Any CPU
		{84003665-B11A-4011-B85E-054E12583C81}.Release|Any CPU.ActiveCfg = Release|Any CPU
		{84003665-B11A-4011-B85E-054E12583C81}.Release|Any CPU.Build.0 = Release|Any CPU
		{3330D44E-B7D8-4250-9B3F-BEDFAC9DCF98}.Debug|Any CPU.ActiveCfg = Debug|Any CPU
		{3330D44E-B7D8-4250-9B3F-BEDFAC9DCF98}.Debug|Any CPU.Build.0 = Debug|Any CPU
		{3330D44E-B7D8-4250-9B3F-BEDFAC9DCF98}.Release|Any CPU.ActiveCfg = Release|Any CPU
		{3330D44E-B7D8-4250-9B3F-BEDFAC9DCF98}.Release|Any CPU.Build.0 = Release|Any CPU
	EndGlobalSection
	GlobalSection(SolutionProperties) = preSolution
		HideSolutionNode = FALSE
	EndGlobalSection
EndGlobal
